
Microsoft Visual Studio Solution File, Format Version 12.00
# Visual Studio 14
VisualStudioVersion = 14.0.23103.0
MinimumVisualStudioVersion = 10.0.40219.1
Project("{FAE04EC0-301F-11D3-BF4B-00C04F79EFBC}") = "SharpCache", "SharpCache\SharpCache.csproj", "{4D955C4F-9A39-4F50-980E-7F13F41761F2}"
EndProject
Project("{FAE04EC0-301F-11D3-BF4B-00C04F79EFBC}") = "SharpCache.Tests", "SharpCache.Tests\SharpCache.Tests.csproj", "{C57DB8C2-3141-42C2-9B09-48D6562F9BEF}"
EndProject
Global
	GlobalSection(SolutionConfigurationPlatforms) = preSolution
		Debug|Any CPU = Debug|Any CPU
		Release|Any CPU = Release|Any CPU
	EndGlobalSection
	GlobalSection(ProjectConfigurationPlatforms) = postSolution
		{4D955C4F-9A39-4F50-980E-7F13F41761F2}.Debug|Any CPU.ActiveCfg = Debug|Any CPU
		{4D955C4F-9A39-4F50-980E-7F13F41761F2}.Debug|Any CPU.Build.0 = Debug|Any CPU
		{4D955C4F-9A39-4F50-980E-7F13F41761F2}.Release|Any CPU.ActiveCfg = Release|Any CPU
		{4D955C4F-9A39-4F50-980E-7F13F41761F2}.Release|Any CPU.Build.0 = Release|Any CPU
		{C57DB8C2-3141-42C2-9B09-48D6562F9BEF}.Debug|Any CPU.ActiveCfg = Debug|Any CPU
		{C57DB8C2-3141-42C2-9B09-48D6562F9BEF}.Debug|Any CPU.Build.0 = Debug|Any CPU
		{C57DB8C2-3141-42C2-9B09-48D6562F9BEF}.Release|Any CPU.ActiveCfg = Release|Any CPU
		{C57DB8C2-3141-42C2-9B09-48D6562F9BEF}.Release|Any CPU.Build.0 = Release|Any CPU
	EndGlobalSection
	GlobalSection(SolutionProperties) = preSolution
		HideSolutionNode = FALSE
	EndGlobalSection
EndGlobal
